
Microsoft Visual Studio Solution File, Format Version 12.00
# Visual Studio Version 17
VisualStudioVersion = 17.1.32421.90
MinimumVisualStudioVersion = 10.0.40219.1
Project("{FAE04EC0-301F-11D3-BF4B-00C04F79EFBC}") = "L10", "L10.csproj", "{EB73885F-3AF2-48F0-B72B-0A4B2263B811}"
EndProject
Global
	GlobalSection(SolutionConfigurationPlatforms) = preSolution
		Debug|Any CPU = Debug|Any CPU
		Release|Any CPU = Release|Any CPU
	EndGlobalSection
	GlobalSection(ProjectConfigurationPlatforms) = postSolution
		{EB73885F-3AF2-48F0-B72B-0A4B2263B811}.Debug|Any CPU.ActiveCfg = Debug|Any CPU
		{EB73885F-3AF2-48F0-B72B-0A4B2263B811}.Debug|Any CPU.Build.0 = Debug|Any CPU
		{EB73885F-3AF2-48F0-B72B-0A4B2263B811}.Release|Any CPU.ActiveCfg = Release|Any CPU
		{EB73885F-3AF2-48F0-B72B-0A4B2263B811}.Release|Any CPU.Build.0 = Release|Any CPU
	EndGlobalSection
	GlobalSection(SolutionProperties) = preSolution
		HideSolutionNode = FALSE
	EndGlobalSection
	GlobalSection(ExtensibilityGlobals) = postSolution
		SolutionGuid = {9198DC0C-68CE-46B1-B2B0-71B9ECBC94D6}
	EndGlobalSection
EndGlobal
